{
    "_meta": {
        "hash": {
            "sha256": "0231a881e231c76c308def0761bbc13dd10cce0303f40b8aa03a6baf82a9ff28"
        },
        "pipfile-spec": 6,
        "requires": {
            "python_version": "3.13"
        },
        "sources": [
            {
                "name": "pypi",
                "url": "https://pypi.org/simple",
                "verify_ssl": true
            }
        ]
    },
    "default": {
        "asgiref": {
            "hashes": [
                "sha256:13acff32519542a1736223fb79a715acdebe24286d98e8b164a73085f40da2c4",
                "sha256:1db9021efadb0d9512ce8ffaf72fcef601c7b73a8807a1bb2ef143dc6b14846d"
            ],
            "markers": "python_version >= '3.9'",
            "version": "==3.11.0"
        },
        "django": {
            "hashes": [
                "sha256:1cc2c7344303bbfb7ba5070487c17f7fc0b7174bbb0a38cebf03c675f5f19b6d",
                "sha256:7b0c1f50c0759bbe6331c6a39c89ae022a84672674aeda908784617ef47d8e26"
            ],
            "index": "pypi",
            "markers": "python_version >= '3.12'",
            "version": "==6.0"
        },
        "django-environ": {
            "hashes": [
                "sha256:227dc891453dd5bde769c3449cf4a74b6f2ee8f7ab2361c93a07068f4179041a",
                "sha256:92fb346a158abda07ffe6eb23135ce92843af06ecf8753f43adf9d2366dcc0ca"
            ],
            "index": "pypi",
            "markers": "python_version >= '3.9' and python_version < '4'",
            "version": "==0.12.0"
        },
        "djangorestframework": {
            "hashes": [
                "sha256:166809528b1aced0a17dc66c24492af18049f2c9420dbd0be29422029cfc3ff7",
                "sha256:33a59f47fb9c85ede792cbf88bde71893bcda0667bc573f784649521f1102cec"
            ],
            "index": "pypi",
            "markers": "python_version >= '3.9'",
            "version": "==3.16.1"
        },
        "djangorestframework-simplejwt": {
            "hashes": [
                "sha256:2c30f3707053d384e9f315d11c2daccfcb548d4faa453111ca19a542b732e469",
                "sha256:e72c5572f51d7803021288e2057afcbd03f17fe11d484096f40a460abc76e87f"
            ],
            "index": "pypi",
            "markers": "python_version >= '3.9'",
            "version": "==5.5.1"
        },
        "psycopg": {
            "hashes": [
                "sha256:3e94bc5f4690247d734599af56e51bae8e0db8e4311ea413f801fef82b14a99b",
                "sha256:707a67975ee214d200511177a6a80e56e654754c9afca06a7194ea6bbfde9ca7"
            ],
            "index": "pypi",
            "markers": "python_version >= '3.10'",
            "version": "==3.3.2"
        },
        "pyjwt": {
            "hashes": [
                "sha256:3cc5772eb20009233caf06e9d8a0577824723b44e6648ee0a2aedb6cf9381953",
                "sha256:dcdd193e30abefd5debf142f9adfcdd2b58004e644f25406ffaebd50bd98dacb"
            ],
            "markers": "python_version >= '3.9'",
            "version": "==2.10.1"
        },
        "sqlparse": {
            "hashes": [
                "sha256:4396a7d3cf1cd679c1be976cf3dc6e0a51d0111e87787e7a8d780e7d5a998f9e",
                "sha256:99a9f0314977b76d776a0fcb8554de91b9bb8a18560631d6bc48721d07023dcb"
            ],
            "markers": "python_version >= '3.8'",
            "version": "==0.5.4"
        }
    },
    "develop": {}
}
